
Microsoft Visual Studio Solution File, Format Version 12.00
# Visual Studio Version 17
VisualStudioVersion = 17.11.35103.136
MinimumVisualStudioVersion = 10.0.40219.1
Project("{9A19103F-16F7-4668-BE54-9A1E7A4F7556}") = "UnoKeyboardDemo", "UnoKeyboardDemo\UnoKeyboardDemo.csproj", "{52298AEA-808E-4494-9640-75EBD0C6605B}"
EndProject
Project("{2150E333-8FDC-42A3-9474-1A3956D46DE8}") = "Solution Items", "Solution Items", "{0AEEC9B8-5ABC-433B-8526-808E13635BC3}"
	ProjectSection(SolutionItems) = preProject
		.gitignore = .gitignore
		Directory.Build.props = Directory.Build.props
		Directory.Build.targets = Directory.Build.targets
		Directory.Packages.props = Directory.Packages.props
		global.json = global.json
		..\..\README.md = ..\..\README.md
	EndProjectSection
EndProject
Project("{9A19103F-16F7-4668-BE54-9A1E7A4F7556}") = "UnoKeyboard", "..\UnoKeyboard\UnoKeyboard.csproj", "{7CAEA501-FEC9-4A85-B603-3B65FB35486F}"
EndProject
Global
	GlobalSection(SolutionConfigurationPlatforms) = preSolution
		Debug|Any CPU = Debug|Any CPU
		Release|Any CPU = Release|Any CPU
	EndGlobalSection
	GlobalSection(ProjectConfigurationPlatforms) = postSolution
		{52298AEA-808E-4494-9640-75EBD0C6605B}.Debug|Any CPU.ActiveCfg = Debug|Any CPU
		{52298AEA-808E-4494-9640-75EBD0C6605B}.Debug|Any CPU.Build.0 = Debug|Any CPU
		{52298AEA-808E-4494-9640-75EBD0C6605B}.Debug|Any CPU.Deploy.0 = Debug|Any CPU
		{52298AEA-808E-4494-9640-75EBD0C6605B}.Release|Any CPU.ActiveCfg = Release|Any CPU
		{52298AEA-808E-4494-9640-75EBD0C6605B}.Release|Any CPU.Build.0 = Release|Any CPU
		{52298AEA-808E-4494-9640-75EBD0C6605B}.Release|Any CPU.Deploy.0 = Release|Any CPU
		{7CAEA501-FEC9-4A85-B603-3B65FB35486F}.Debug|Any CPU.ActiveCfg = Debug|Any CPU
		{7CAEA501-FEC9-4A85-B603-3B65FB35486F}.Debug|Any CPU.Build.0 = Debug|Any CPU
		{7CAEA501-FEC9-4A85-B603-3B65FB35486F}.Release|Any CPU.ActiveCfg = Release|Any CPU
		{7CAEA501-FEC9-4A85-B603-3B65FB35486F}.Release|Any CPU.Build.0 = Release|Any CPU
	EndGlobalSection
	GlobalSection(SolutionProperties) = preSolution
		HideSolutionNode = FALSE
	EndGlobalSection
	GlobalSection(ExtensibilityGlobals) = postSolution
		SolutionGuid = {26917D4A-6339-446C-B05F-7671E54D1681}
	EndGlobalSection
EndGlobal
